PODS:
  - file_picker_writable (0.0.1):
    - Flutter
  - Flutter (1.0.0)

DEPENDENCIES:
  - file_picker_writable (from `.symlinks/plugins/file_picker_writable/ios`)
  - Flutter (from `Flutter`)

EXTERNAL SOURCES:
  file_picker_writable:
    :path: ".symlinks/plugins/file_picker_writable/ios"
  Flutter:
    :path: Flutter

SPEC CHECKSUMS:
  file_picker_writable: 0c4529b8fd23e8cad4df149721be12d51f838fd4
  Flutter: 71a624a5bc0c04062bf19101d501e466baf2fb47

PODFILE CHECKSUM: 57c8aed26fba39d3ec9424816221f294a07c58eb

COCOAPODS: 1.16.2
